
Microsoft Visual Studio Solution File, Format Version 12.00
# Visual Studio Version 16
VisualStudioVersion = 16.0.32630.194
MinimumVisualStudioVersion = 10.0.40219.1
Project("{FAE04EC0-301F-11D3-BF4B-00C04F79EFBC}") = "SWActDataEniax", "SWActDataEniax\SWActDataEniax.csproj", "{11C13BE3-9FBF-4130-9B36-0A4820DA4C01}"
EndProject
Project("{54435603-DBB4-11D2-8724-00A0C9A8B90C}") = "ServicioWindowsActDataEniax.Installer", "ServicioWindowsActDataEniax.Installer\ServicioWindowsActDataEniax.Installer.vdproj", "{9333FEF8-3D6D-4295-99CC-3A2316A04AD7}"
EndProject
Global
	GlobalSection(SolutionConfigurationPlatforms) = preSolution
		Debug|Any CPU = Debug|Any CPU
		Release|Any CPU = Release|Any CPU
	EndGlobalSection
	GlobalSection(ProjectConfigurationPlatforms) = postSolution
		{11C13BE3-9FBF-4130-9B36-0A4820DA4C01}.Debug|Any CPU.ActiveCfg = Debug|Any CPU
		{11C13BE3-9FBF-4130-9B36-0A4820DA4C01}.Debug|Any CPU.Build.0 = Debug|Any CPU
		{11C13BE3-9FBF-4130-9B36-0A4820DA4C01}.Release|Any CPU.ActiveCfg = Release|Any CPU
		{11C13BE3-9FBF-4130-9B36-0A4820DA4C01}.Release|Any CPU.Build.0 = Release|Any CPU
		{9333FEF8-3D6D-4295-99CC-3A2316A04AD7}.Debug|Any CPU.ActiveCfg = Debug
		{9333FEF8-3D6D-4295-99CC-3A2316A04AD7}.Release|Any CPU.ActiveCfg = Release
	EndGlobalSection
	GlobalSection(SolutionProperties) = preSolution
		HideSolutionNode = FALSE
	EndGlobalSection
	GlobalSection(ExtensibilityGlobals) = postSolution
		SolutionGuid = {0B9CE313-5BF1-4E9C-AC8B-A2872F316AF7}
	EndGlobalSection
EndGlobal
